[[package]]
name = "rarfile"
version = "4.0"
description = "RAR archive reader for Python"
category = "main"
optional = false
python-versions = "*"

[metadata]
lock-version = "1.1"
python-versions = "^3.10"
content-hash = "7dcc9c8e78885a83d587e5d27590111be70ba8a18c0bb6aa6bffcb78fd43cabc"

[metadata.files]
rarfile = [
    {file = "rarfile-4.0-py3-none-any.whl", hash = "sha256:1094869119012f95c31a6f22cc3a9edbdca61861b805241116adbe2d737b68f8"},
    {file = "rarfile-4.0.tar.gz", hash = "sha256:67548769229c5bda0827c1663dce3f54644f9dbfba4ae86d4da2b2afd3e602a1"},
]
