[[package]]
name = "pysimplegui"
version = "4.60.1"
description = "Python GUIs for Humans. Launched in 2018. It's 2022 & PySimpleGUI is an ACTIVE & supported project. Super-simple to create custom GUI's. 325+ Demo programs & Cookbook for rapid start. Extensive documentation. Main docs at www.PySimpleGUI.org. Fun & your success are the focus. Examples using Machine Learning (GUI, OpenCV Integration), Rainmeter Style Desktop Widgets, Matplotlib + Pyplot, PIL support, add GUI to command line scripts, PDF & Image Viewers. Great for beginners & advanced GUI programmers."
category = "main"
optional = false
python-versions = "*"

[[package]]
name = "rarfile"
version = "4.0"
description = "RAR archive reader for Python"
category = "main"
optional = false
python-versions = "*"

[metadata]
lock-version = "1.1"
python-versions = "^3.10"
content-hash = "50c6a6c79bb35b1ac84eb6a8eb0730000353a5bf3347b4a7e2f556223f9a29c6"

[metadata.files]
pysimplegui = [
    {file = "PySimpleGUI-4.60.1-py3-none-any.whl", hash = "sha256:c31c168deb1816d56811bfb4c881b3f4bcaca03b7d5f0ea7ada9772f397582a3"},
    {file = "PySimpleGUI-4.60.1.tar.gz", hash = "sha256:3ea18e3aaea515bdf40e7d73015d101d92abddf214b134ae7674e99c58b96598"},
]
rarfile = [
    {file = "rarfile-4.0-py3-none-any.whl", hash = "sha256:1094869119012f95c31a6f22cc3a9edbdca61861b805241116adbe2d737b68f8"},
    {file = "rarfile-4.0.tar.gz", hash = "sha256:67548769229c5bda0827c1663dce3f54644f9dbfba4ae86d4da2b2afd3e602a1"},
]
